
Microsoft Visual Studio Solution File, Format Version 12.00
# Visual Studio Version 17
VisualStudioVersion = 17.9.34728.123
MinimumVisualStudioVersion = 10.0.40219.1
Project("{9A19103F-16F7-4668-BE54-9A1E7A4F7556}") = "Api", "Api\Api.csproj", "{168DC1B7-3E8A-4356-BD52-D37D37F36284}"
EndProject
Project("{9A19103F-16F7-4668-BE54-9A1E7A4F7556}") = "Application", "Application\Application.csproj", "{0A70A37D-9015-410B-BD98-E223414E61B1}"
EndProject
Project("{9A19103F-16F7-4668-BE54-9A1E7A4F7556}") = "Domain", "Domain\Domain\Domain.csproj", "{CD09F928-7559-4CE4-8A54-2067EA86CE8D}"
EndProject
Project("{9A19103F-16F7-4668-BE54-9A1E7A4F7556}") = "Infrastructure", "Infrastructure\Infrastructure.csproj", "{E3BB1D59-F907-41CE-A2F7-8559FABD562F}"
EndProject
Global
	GlobalSection(SolutionConfigurationPlatforms) = preSolution
		Debug|Any CPU = Debug|Any CPU
		Release|Any CPU = Release|Any CPU
	EndGlobalSection
	GlobalSection(ProjectConfigurationPlatforms) = postSolution
		{168DC1B7-3E8A-4356-BD52-D37D37F36284}.Debug|Any CPU.ActiveCfg = Debug|Any CPU
		{168DC1B7-3E8A-4356-BD52-D37D37F36284}.Debug|Any CPU.Build.0 = Debug|Any CPU
		{168DC1B7-3E8A-4356-BD52-D37D37F36284}.Release|Any CPU.ActiveCfg = Release|Any CPU
		{168DC1B7-3E8A-4356-BD52-D37D37F36284}.Release|Any CPU.Build.0 = Release|Any CPU
		{0A70A37D-9015-410B-BD98-E223414E61B1}.Debug|Any CPU.ActiveCfg = Debug|Any CPU
		{0A70A37D-9015-410B-BD98-E223414E61B1}.Debug|Any CPU.Build.0 = Debug|Any CPU
		{0A70A37D-9015-410B-BD98-E223414E61B1}.Release|Any CPU.ActiveCfg = Release|Any CPU
		{0A70A37D-9015-410B-BD98-E223414E61B1}.Release|Any CPU.Build.0 = Release|Any CPU
		{CD09F928-7559-4CE4-8A54-2067EA86CE8D}.Debug|Any CPU.ActiveCfg = Debug|Any CPU
		{CD09F928-7559-4CE4-8A54-2067EA86CE8D}.Debug|Any CPU.Build.0 = Debug|Any CPU
		{CD09F928-7559-4CE4-8A54-2067EA86CE8D}.Release|Any CPU.ActiveCfg = Release|Any CPU
		{CD09F928-7559-4CE4-8A54-2067EA86CE8D}.Release|Any CPU.Build.0 = Release|Any CPU
		{E3BB1D59-F907-41CE-A2F7-8559FABD562F}.Debug|Any CPU.ActiveCfg = Debug|Any CPU
		{E3BB1D59-F907-41CE-A2F7-8559FABD562F}.Debug|Any CPU.Build.0 = Debug|Any CPU
		{E3BB1D59-F907-41CE-A2F7-8559FABD562F}.Release|Any CPU.ActiveCfg = Release|Any CPU
		{E3BB1D59-F907-41CE-A2F7-8559FABD562F}.Release|Any CPU.Build.0 = Release|Any CPU
	EndGlobalSection
	GlobalSection(SolutionProperties) = preSolution
		HideSolutionNode = FALSE
	EndGlobalSection
	GlobalSection(ExtensibilityGlobals) = postSolution
		SolutionGuid = {5335E457-1493-47D2-B944-36A3EB15FA91}
	EndGlobalSection
EndGlobal
